
Microsoft Visual Studio Solution File, Format Version 12.00
# Visual Studio 15
VisualStudioVersion = 15.0.27004.2008
MinimumVisualStudioVersion = 10.0.40219.1
Project("{9A19103F-16F7-4668-BE54-9A1E7A4F7556}") = "Web", "Web\Web.csproj", "{647F935F-C32A-4D20-914D-001CDF9405B3}"
EndProject
Project("{FAE04EC0-301F-11D3-BF4B-00C04F79EFBC}") = "Data", "Data\Data.csproj", "{231B4C10-ACB0-41DF-BACF-11AF00134E2B}"
EndProject
Global
	GlobalSection(SolutionConfigurationPlatforms) = preSolution
		Debug|Any CPU = Debug|Any CPU
		Release|Any CPU = Release|Any CPU
	EndGlobalSection
	GlobalSection(ProjectConfigurationPlatforms) = postSolution
		{647F935F-C32A-4D20-914D-001CDF9405B3}.Debug|Any CPU.ActiveCfg = Debug|Any CPU
		{647F935F-C32A-4D20-914D-001CDF9405B3}.Debug|Any CPU.Build.0 = Debug|Any CPU
		{647F935F-C32A-4D20-914D-001CDF9405B3}.Release|Any CPU.ActiveCfg = Release|Any CPU
		{647F935F-C32A-4D20-914D-001CDF9405B3}.Release|Any CPU.Build.0 = Release|Any CPU
		{231B4C10-ACB0-41DF-BACF-11AF00134E2B}.Debug|Any CPU.ActiveCfg = Debug|Any CPU
		{231B4C10-ACB0-41DF-BACF-11AF00134E2B}.Debug|Any CPU.Build.0 = Debug|Any CPU
		{231B4C10-ACB0-41DF-BACF-11AF00134E2B}.Release|Any CPU.ActiveCfg = Release|Any CPU
		{231B4C10-ACB0-41DF-BACF-11AF00134E2B}.Release|Any CPU.Build.0 = Release|Any CPU
	EndGlobalSection
	GlobalSection(SolutionProperties) = preSolution
		HideSolutionNode = FALSE
	EndGlobalSection
	GlobalSection(ExtensibilityGlobals) = postSolution
		SolutionGuid = {E1516C14-BF8D-462E-BF14-CBFE23CD018C}
	EndGlobalSection
EndGlobal
